
Microsoft Visual Studio Solution File, Format Version 12.00
# Visual Studio Version 16
VisualStudioVersion = 16.0.30309.148
MinimumVisualStudioVersion = 10.0.40219.1
Project("{9A19103F-16F7-4668-BE54-9A1E7A4F7556}") = "HurManager.App", "HurManager.App\HurManager.App.csproj", "{7566D358-B435-4023-AD15-39F3DBB3D746}"
EndProject
Project("{FAE04EC0-301F-11D3-BF4B-00C04F79EFBC}") = "HurManager.Domain", "HurManager.Domain\HurManager.Domain.csproj", "{4D1F2919-E332-4577-A166-03AEF382ACE9}"
EndProject
Project("{FAE04EC0-301F-11D3-BF4B-00C04F79EFBC}") = "HurManager.Dto", "HurManager.Dto\HurManager.Dto.csproj", "{FF302BF5-3539-4C38-B126-3B7693169817}"
EndProject
Project("{FAE04EC0-301F-11D3-BF4B-00C04F79EFBC}") = "HurManager.Bll", "HurManager.Bll\HurManager.Bll.csproj", "{54A8E69C-7B33-4537-829B-59E15E5CDB46}"
EndProject
Project("{FAE04EC0-301F-11D3-BF4B-00C04F79EFBC}") = "HurManager.Core", "HurManager.Core\HurManager.Core.csproj", "{125BD98B-365B-4183-AA1D-0B0877C6E187}"
EndProject
Project("{FAE04EC0-301F-11D3-BF4B-00C04F79EFBC}") = "HurManager.Dal", "HurManager.Dal\HurManager.Dal.csproj", "{5E3C99F0-1492-4743-9290-86327117E189}"
EndProject
Global
	GlobalSection(SolutionConfigurationPlatforms) = preSolution
		Debug|Any CPU = Debug|Any CPU
		Release|Any CPU = Release|Any CPU
	EndGlobalSection
	GlobalSection(ProjectConfigurationPlatforms) = postSolution
		{7566D358-B435-4023-AD15-39F3DBB3D746}.Debug|Any CPU.ActiveCfg = Debug|Any CPU
		{7566D358-B435-4023-AD15-39F3DBB3D746}.Debug|Any CPU.Build.0 = Debug|Any CPU
		{7566D358-B435-4023-AD15-39F3DBB3D746}.Release|Any CPU.ActiveCfg = Release|Any CPU
		{7566D358-B435-4023-AD15-39F3DBB3D746}.Release|Any CPU.Build.0 = Release|Any CPU
		{4D1F2919-E332-4577-A166-03AEF382ACE9}.Debug|Any CPU.ActiveCfg = Debug|Any CPU
		{4D1F2919-E332-4577-A166-03AEF382ACE9}.Debug|Any CPU.Build.0 = Debug|Any CPU
		{4D1F2919-E332-4577-A166-03AEF382ACE9}.Release|Any CPU.ActiveCfg = Release|Any CPU
		{4D1F2919-E332-4577-A166-03AEF382ACE9}.Release|Any CPU.Build.0 = Release|Any CPU
		{FF302BF5-3539-4C38-B126-3B7693169817}.Debug|Any CPU.ActiveCfg = Debug|Any CPU
		{FF302BF5-3539-4C38-B126-3B7693169817}.Debug|Any CPU.Build.0 = Debug|Any CPU
		{FF302BF5-3539-4C38-B126-3B7693169817}.Release|Any CPU.ActiveCfg = Release|Any CPU
		{FF302BF5-3539-4C38-B126-3B7693169817}.Release|Any CPU.Build.0 = Release|Any CPU
		{54A8E69C-7B33-4537-829B-59E15E5CDB46}.Debug|Any CPU.ActiveCfg = Debug|Any CPU
		{54A8E69C-7B33-4537-829B-59E15E5CDB46}.Debug|Any CPU.Build.0 = Debug|Any CPU
		{54A8E69C-7B33-4537-829B-59E15E5CDB46}.Release|Any CPU.ActiveCfg = Release|Any CPU
		{54A8E69C-7B33-4537-829B-59E15E5CDB46}.Release|Any CPU.Build.0 = Release|Any CPU
		{125BD98B-365B-4183-AA1D-0B0877C6E187}.Debug|Any CPU.ActiveCfg = Debug|Any CPU
		{125BD98B-365B-4183-AA1D-0B0877C6E187}.Debug|Any CPU.Build.0 = Debug|Any CPU
		{125BD98B-365B-4183-AA1D-0B0877C6E187}.Release|Any CPU.ActiveCfg = Release|Any CPU
		{125BD98B-365B-4183-AA1D-0B0877C6E187}.Release|Any CPU.Build.0 = Release|Any CPU
		{5E3C99F0-1492-4743-9290-86327117E189}.Debug|Any CPU.ActiveCfg = Debug|Any CPU
		{5E3C99F0-1492-4743-9290-86327117E189}.Debug|Any CPU.Build.0 = Debug|Any CPU
		{5E3C99F0-1492-4743-9290-86327117E189}.Release|Any CPU.ActiveCfg = Release|Any CPU
		{5E3C99F0-1492-4743-9290-86327117E189}.Release|Any CPU.Build.0 = Release|Any CPU
	EndGlobalSection
	GlobalSection(SolutionProperties) = preSolution
		HideSolutionNode = FALSE
	EndGlobalSection
	GlobalSection(ExtensibilityGlobals) = postSolution
		SolutionGuid = {170DE956-61EE-4308-A601-779CF3B470AE}
	EndGlobalSection
EndGlobal
